
Microsoft Visual Studio Solution File, Format Version 12.00
# Visual Studio Version 16
VisualStudioVersion = 16.0.30128.74
MinimumVisualStudioVersion = 10.0.40219.1
Project("{FAE04EC0-301F-11D3-BF4B-00C04F79EFBC}") = "nguyenthikimtuyen", "nguyenthikimtuyen\nguyenthikimtuyen.csproj", "{CB1B4961-8AE7-4673-8E2A-43A971F56834}"
EndProject
Global
	GlobalSection(SolutionConfigurationPlatforms) = preSolution
		Debug|Any CPU = Debug|Any CPU
		Release|Any CPU = Release|Any CPU
	EndGlobalSection
	GlobalSection(ProjectConfigurationPlatforms) = postSolution
		{CB1B4961-8AE7-4673-8E2A-43A971F56834}.Debug|Any CPU.ActiveCfg = Debug|Any CPU
		{CB1B4961-8AE7-4673-8E2A-43A971F56834}.Debug|Any CPU.Build.0 = Debug|Any CPU
		{CB1B4961-8AE7-4673-8E2A-43A971F56834}.Release|Any CPU.ActiveCfg = Release|Any CPU
		{CB1B4961-8AE7-4673-8E2A-43A971F56834}.Release|Any CPU.Build.0 = Release|Any CPU
	EndGlobalSection
	GlobalSection(SolutionProperties) = preSolution
		HideSolutionNode = FALSE
	EndGlobalSection
	GlobalSection(ExtensibilityGlobals) = postSolution
		SolutionGuid = {38E468DA-CC85-4593-9C8C-5A873DE0DDDF}
	EndGlobalSection
EndGlobal
